// !$*UTF8*$!
{
	archiveVersion = 1;
	classes = {
	};
	objectVersion = 46;
	objects = {

/* Begin PBXBuildFile section */
		D5274C7F1B771F4300D7DFDA /* CreateCSV.m in Sources */ = {isa = PBXBuildFile; fileRef = D5274C7E1B771F4300D7DFDA /* CreateCSV.m */; };
		D5508C2E1B81A22E00F3F090 /* sick.png in Resources */ = {isa = PBXBuildFile; fileRef = D5508C2D1B81A22E00F3F090 /* sick.png */; };
		D574A3531B69E8B4005192B0 /* Check_mark.png in Resources */ = {isa = PBXBuildFile; fileRef = D574A3521B69E8B4005192B0 /* Check_mark.png */; };
		D574A3561B69FE05005192B0 /* Member.m in Sources */ = {isa = PBXBuildFile; fileRef = D574A3551B69FE05005192B0 /* Member.m */; };
		D574A3591B7058B7005192B0 /* AttendanceObject.m in Sources */ = {isa = PBXBuildFile; fileRef = D574A3581B7058B7005192B0 /* AttendanceObject.m */; };
		D574A35D1B70760B005192B0 /* RecordReview.m in Sources */ = {isa = PBXBuildFile; fileRef = D574A35C1B70760B005192B0 /* RecordReview.m */; };
		D574A35F1B71EE5A005192B0 /* before-too-late.png in Resources */ = {isa = PBXBuildFile; fileRef = D574A35E1B71EE5A005192B0 /* before-too-late.png */; };
		D574A3621B71F29B005192B0 /* MemberProfile.m in Sources */ = {isa = PBXBuildFile; fileRef = D574A3611B71F29B005192B0 /* MemberProfile.m */; };
		D5778F2E1B201B50009855C7 /* Foundation.framework in Frameworks */ = {isa = PBXBuildFile; fileRef = D5778F2D1B201B50009855C7 /* Foundation.framework */; };
		D5778F301B201B50009855C7 /* CoreGraphics.framework in Frameworks */ = {isa = PBXBuildFile; fileRef = D5778F2F1B201B50009855C7 /* CoreGraphics.framework */; };
		D5778F321B201B50009855C7 /* UIKit.framework in Frameworks */ = {isa = PBXBuildFile; fileRef = D5778F311B201B50009855C7 /* UIKit.framework */; };
		D5778F381B201B50009855C7 /* InfoPlist.strings in Resources */ = {isa = PBXBuildFile; fileRef = D5778F361B201B50009855C7 /* InfoPlist.strings */; };
		D5778F3A1B201B51009855C7 /* main.m in Sources */ = {isa = PBXBuildFile; fileRef = D5778F391B201B51009855C7 /* main.m */; };
		D5778F3E1B201B51009855C7 /* AppDelegate.m in Sources */ = {isa = PBXBuildFile; fileRef = D5778F3D1B201B51009855C7 /* AppDelegate.m */; };
		D5778F411B201B51009855C7 /* Main_iPhone.storyboard in Resources */ = {isa = PBXBuildFile; fileRef = D5778F3F1B201B51009855C7 /* Main_iPhone.storyboard */; };
		D5778F441B201B51009855C7 /* Main_iPad.storyboard in Resources */ = {isa = PBXBuildFile; fileRef = D5778F421B201B51009855C7 /* Main_iPad.storyboard */; };
		D5778F471B201B51009855C7 /* ViewController.m in Sources */ = {isa = PBXBuildFile; fileRef = D5778F461B201B51009855C7 /* ViewController.m */; };
		D5778F491B201B51009855C7 /* Images.xcassets in Resources */ = {isa = PBXBuildFile; fileRef = D5778F481B201B51009855C7 /* Images.xcassets */; };
		D5778F501B201B51009855C7 /* XCTest.framework in Frameworks */ = {isa = PBXBuildFile; fileRef = D5778F4F1B201B51009855C7 /* XCTest.framework */; };
		D5778F511B201B51009855C7 /* Foundation.framework in Frameworks */ = {isa = PBXBuildFile; fileRef = D5778F2D1B201B50009855C7 /* Foundation.framework */; };
		D5778F521B201B51009855C7 /* UIKit.framework in Frameworks */ = {isa = PBXBuildFile; fileRef = D5778F311B201B50009855C7 /* UIKit.framework */; };
		D5778F5A1B201B51009855C7 /* InfoPlist.strings in Resources */ = {isa = PBXBuildFile; fileRef = D5778F581B201B51009855C7 /* InfoPlist.strings */; };
		D5778F5C1B201B51009855C7 /* Secretary_PartTests.m in Sources */ = {isa = PBXBuildFile; fileRef = D5778F5B1B201B51009855C7 /* Secretary_PartTests.m */; };
		D5778F671B256C36009855C7 /* AttendanceRecord.m in Sources */ = {isa = PBXBuildFile; fileRef = D5778F661B256C36009855C7 /* AttendanceRecord.m */; };
		D587CB9D1B49EB46000FF661 /* NewMember.m in Sources */ = {isa = PBXBuildFile; fileRef = D587CB9C1B49EB46000FF661 /* NewMember.m */; };
/* End PBXBuildFile section */

/* Begin PBXContainerItemProxy section */
		D5778F531B201B51009855C7 /* PBXContainerItemProxy */ = {
			isa = PBXContainerItemProxy;
			containerPortal = D5778F221B201B50009855C7 /* Project object */;
			proxyType = 1;
			remoteGlobalIDString = D5778F291B201B50009855C7;
			remoteInfo = "Secretary Part";
		};
/* End PBXContainerItemProxy section */

/* Begin PBXFileReference section */
		D5274C7D1B771F4300D7DFDA /* CreateCSV.h */ = {isa = PBXFileReference; fileEncoding = 4; lastKnownFileType = sourcecode.c.h; path = CreateCSV.h; sourceTree = "<group>"; };
		D5274C7E1B771F4300D7DFDA /* CreateCSV.m */ = {isa = PBXFileReference; fileEncoding = 4; lastKnownFileType = sourcecode.c.objc; path = CreateCSV.m; sourceTree = "<group>"; };
		D5508C2D1B81A22E00F3F090 /* sick.png */ = {isa = PBXFileReference; lastKnownFileType = image.png; name = sick.png; path = "../../../../Desktop/Basdeo Inc/attendance/sick.png"; sourceTree = "<group>"; };
		D574A3521B69E8B4005192B0 /* Check_mark.png */ = {isa = PBXFileReference; lastKnownFileType = image.png; name = Check_mark.png; path = "../../../../Desktop/Basdeo Inc/attendance/Check_mark.png"; sourceTree = "<group>"; };
		D574A3541B69FE05005192B0 /* Member.h */ = {isa = PBXFileReference; fileEncoding = 4; lastKnownFileType = sourcecode.c.h; path = Member.h; sourceTree = "<group>"; };
		D574A3551B69FE05005192B0 /* Member.m */ = {isa = PBXFileReference; fileEncoding = 4; lastKnownFileType = sourcecode.c.objc; path = Member.m; sourceTree = "<group>"; };
		D574A3571B7058B7005192B0 /* AttendanceObject.h */ = {isa = PBXFileReference; fileEncoding = 4; lastKnownFileType = sourcecode.c.h; path = AttendanceObject.h; sourceTree = "<group>"; };
		D574A3581B7058B7005192B0 /* AttendanceObject.m */ = {isa = PBXFileReference; fileEncoding = 4; lastKnownFileType = sourcecode.c.objc; path = AttendanceObject.m; sourceTree = "<group>"; };
		D574A35B1B70760B005192B0 /* RecordReview.h */ = {isa = PBXFileReference; fileEncoding = 4; lastKnownFileType = sourcecode.c.h; path = RecordReview.h; sourceTree = "<group>"; };
		D574A35C1B70760B005192B0 /* RecordReview.m */ = {isa = PBXFileReference; fileEncoding = 4; lastKnownFileType = sourcecode.c.objc; path = RecordReview.m; sourceTree = "<group>"; };
		D574A35E1B71EE5A005192B0 /* before-too-late.png */ = {isa = PBXFileReference; lastKnownFileType = image.png; name = "before-too-late.png"; path = "../../../../Desktop/Basdeo Inc/attendance/before-too-late.png"; sourceTree = "<group>"; };
		D574A3601B71F29B005192B0 /* MemberProfile.h */ = {isa = PBXFileReference; fileEncoding = 4; lastKnownFileType = sourcecode.c.h; path = MemberProfile.h; sourceTree = "<group>"; };
		D574A3611B71F29B005192B0 /* MemberProfile.m */ = {isa = PBXFileReference; fileEncoding = 4; lastKnownFileType = sourcecode.c.objc; path = MemberProfile.m; sourceTree = "<group>"; };
		D5778F2A1B201B50009855C7 /* Secretary Part.app */ = {isa = PBXFileReference; explicitFileType = wrapper.application; includeInIndex = 0; path = "Secretary Part.app"; sourceTree = BUILT_PRODUCTS_DIR; };
		D5778F2D1B201B50009855C7 /* Foundation.framework */ = {isa = PBXFileReference; lastKnownFileType = wrapper.framework; name = Foundation.framework; path = System/Library/Frameworks/Foundation.framework; sourceTree = SDKROOT; };
		D5778F2F1B201B50009855C7 /* CoreGraphics.framework */ = {isa = PBXFileReference; lastKnownFileType = wrapper.framework; name = CoreGraphics.framework; path = System/Library/Frameworks/CoreGraphics.framework; sourceTree = SDKROOT; };
		D5778F311B201B50009855C7 /* UIKit.framework */ = {isa = PBXFileReference; lastKnownFileType = wrapper.framework; name = UIKit.framework; path = System/Library/Frameworks/UIKit.framework; sourceTree = SDKROOT; };
		D5778F351B201B50009855C7 /* Secretary Part-Info.plist */ = {isa = PBXFileReference; lastKnownFileType = text.plist.xml; path = "Secretary Part-Info.plist"; sourceTree = "<group>"; };
		D5778F371B201B50009855C7 /* en */ = {isa = PBXFileReference; lastKnownFileType = text.plist.strings; name = en; path = en.lproj/InfoPlist.strings; sourceTree = "<group>"; };
		D5778F391B201B51009855C7 /* main.m */ = {isa = PBXFileReference; lastKnownFileType = sourcecode.c.objc; path = main.m; sourceTree = "<group>"; };
		D5778F3B1B201B51009855C7 /* Secretary Part-Prefix.pch */ = {isa = PBXFileReference; lastKnownFileType = sourcecode.c.h; path = "Secretary Part-Prefix.pch"; sourceTree = "<group>"; };
		D5778F3C1B201B51009855C7 /* AppDelegate.h */ = {isa = PBXFileReference; lastKnownFileType = sourcecode.c.h; path = AppDelegate.h; sourceTree = "<group>"; };
		D5778F3D1B201B51009855C7 /* AppDelegate.m */ = {isa = PBXFileReference; lastKnownFileType = sourcecode.c.objc; path = AppDelegate.m; sourceTree = "<group>"; };
		D5778F401B201B51009855C7 /* Base */ = {isa = PBXFileReference; lastKnownFileType = file.storyboard; name = Base; path = Base.lproj/Main_iPhone.storyboard; sourceTree = "<group>"; };
		D5778F431B201B51009855C7 /* Base */ = {isa = PBXFileReference; lastKnownFileType = file.storyboard; name = Base; path = Base.lproj/Main_iPad.storyboard; sourceTree = "<group>"; };
		D5778F451B201B51009855C7 /* ViewController.h */ = {isa = PBXFileReference; lastKnownFileType = sourcecode.c.h; path = ViewController.h; sourceTree = "<group>"; };
		D5778F461B201B51009855C7 /* ViewController.m */ = {isa = PBXFileReference; lastKnownFileType = sourcecode.c.objc; path = ViewController.m; sourceTree = "<group>"; };
		D5778F481B201B51009855C7 /* Images.xcassets */ = {isa = PBXFileReference; lastKnownFileType = folder.assetcatalog; path = Images.xcassets; sourceTree = "<group>"; };
		D5778F4E1B201B51009855C7 /* Secretary PartTests.xctest */ = {isa = PBXFileReference; explicitFileType = wrapper.cfbundle; includeInIndex = 0; path = "Secretary PartTests.xctest"; sourceTree = BUILT_PRODUCTS_DIR; };
		D5778F4F1B201B51009855C7 /* XCTest.framework */ = {isa = PBXFileReference; lastKnownFileType = wrapper.framework; name = XCTest.framework; path = Library/Frameworks/XCTest.framework; sourceTree = DEVELOPER_DIR; };
		D5778F571B201B51009855C7 /* Secretary PartTests-Info.plist */ = {isa = PBXFileReference; lastKnownFileType = text.plist.xml; path = "Secretary PartTests-Info.plist"; sourceTree = "<group>"; };
		D5778F591B201B51009855C7 /* en */ = {isa = PBXFileReference; lastKnownFileType = text.plist.strings; name = en; path = en.lproj/InfoPlist.strings; sourceTree = "<group>"; };
		D5778F5B1B201B51009855C7 /* Secretary_PartTests.m */ = {isa = PBXFileReference; lastKnownFileType = sourcecode.c.objc; path = Secretary_PartTests.m; sourceTree = "<group>"; };
		D5778F651B256C36009855C7 /* AttendanceRecord.h */ = {isa = PBXFileReference; fileEncoding = 4; lastKnownFileType = sourcecode.c.h; path = AttendanceRecord.h; sourceTree = "<group>"; };
		D5778F661B256C36009855C7 /* AttendanceRecord.m */ = {isa = PBXFileReference; fileEncoding = 4; lastKnownFileType = sourcecode.c.objc; path = AttendanceRecord.m; sourceTree = "<group>"; };
		D587CB9B1B49EB46000FF661 /* NewMember.h */ = {isa = PBXFileReference; fileEncoding = 4; lastKnownFileType = sourcecode.c.h; name = NewMember.h; path = ../NewMember.h; sourceTree = "<group>"; };
		D587CB9C1B49EB46000FF661 /* NewMember.m */ = {isa = PBXFileReference; fileEncoding = 4; lastKnownFileType = sourcecode.c.objc; name = NewMember.m; path = ../NewMember.m; sourceTree = "<group>"; };
/* End PBXFileReference section */

/* Begin PBXFrameworksBuildPhase section */
		D5778F271B201B50009855C7 /* Frameworks */ = {
			isa = PBXFrameworksBuildPhase;
			buildActionMask = 2147483647;
			files = (
				D5778F301B201B50009855C7 /* CoreGraphics.framework in Frameworks */,
				D5778F321B201B50009855C7 /* UIKit.framework in Frameworks */,
				D5778F2E1B201B50009855C7 /* Foundation.framework in Frameworks */,
			);
			runOnlyForDeploymentPostprocessing = 0;
		};
		D5778F4B1B201B51009855C7 /* Frameworks */ = {
			isa = PBXFrameworksBuildPhase;
			buildActionMask = 2147483647;
			files = (
				D5778F501B201B51009855C7 /* XCTest.framework in Frameworks */,
				D5778F521B201B51009855C7 /* UIKit.framework in Frameworks */,
				D5778F511B201B51009855C7 /* Foundation.framework in Frameworks */,
			);
			runOnlyForDeploymentPostprocessing = 0;
		};
/* End PBXFrameworksBuildPhase section */

/* Begin PBXGroup section */
		D574A35A1B705BCC005192B0 /* Objects */ = {
			isa = PBXGroup;
			children = (
				D574A3541B69FE05005192B0 /* Member.h */,
				D574A3551B69FE05005192B0 /* Member.m */,
				D574A3571B7058B7005192B0 /* AttendanceObject.h */,
				D574A3581B7058B7005192B0 /* AttendanceObject.m */,
			);
			name = Objects;
			sourceTree = "<group>";
		};
		D5778F211B201B50009855C7 = {
			isa = PBXGroup;
			children = (
				D5778F331B201B50009855C7 /* Secretary Part */,
				D5778F551B201B51009855C7 /* Secretary PartTests */,
				D5778F2C1B201B50009855C7 /* Frameworks */,
				D5778F2B1B201B50009855C7 /* Products */,
			);
			sourceTree = "<group>";
		};
		D5778F2B1B201B50009855C7 /* Products */ = {
			isa = PBXGroup;
			children = (
				D5778F2A1B201B50009855C7 /* Secretary Part.app */,
				D5778F4E1B201B51009855C7 /* Secretary PartTests.xctest */,
			);
			name = Products;
			sourceTree = "<group>";
		};
		D5778F2C1B201B50009855C7 /* Frameworks */ = {
			isa = PBXGroup;
			children = (
				D5778F2D1B201B50009855C7 /* Foundation.framework */,
				D5778F2F1B201B50009855C7 /* CoreGraphics.framework */,
				D5778F311B201B50009855C7 /* UIKit.framework */,
				D5778F4F1B201B51009855C7 /* XCTest.framework */,
			);
			name = Frameworks;
			sourceTree = "<group>";
		};
		D5778F331B201B50009855C7 /* Secretary Part */ = {
			isa = PBXGroup;
			children = (
				D5778F3C1B201B51009855C7 /* AppDelegate.h */,
				D5778F3D1B201B51009855C7 /* AppDelegate.m */,
				D5778F3F1B201B51009855C7 /* Main_iPhone.storyboard */,
				D5274C7D1B771F4300D7DFDA /* CreateCSV.h */,
				D5274C7E1B771F4300D7DFDA /* CreateCSV.m */,
				D574A3601B71F29B005192B0 /* MemberProfile.h */,
				D574A3611B71F29B005192B0 /* MemberProfile.m */,
				D574A35B1B70760B005192B0 /* RecordReview.h */,
				D574A35C1B70760B005192B0 /* RecordReview.m */,
				D5778F421B201B51009855C7 /* Main_iPad.storyboard */,
				D5778F451B201B51009855C7 /* ViewController.h */,
				D5778F461B201B51009855C7 /* ViewController.m */,
				D5778F651B256C36009855C7 /* AttendanceRecord.h */,
				D5778F661B256C36009855C7 /* AttendanceRecord.m */,
				D574A35A1B705BCC005192B0 /* Objects */,
				D587CB9B1B49EB46000FF661 /* NewMember.h */,
				D587CB9C1B49EB46000FF661 /* NewMember.m */,
				D5778F481B201B51009855C7 /* Images.xcassets */,
				D5778F341B201B50009855C7 /* Supporting Files */,
			);
			path = "Secretary Part";
			sourceTree = "<group>";
		};
		D5778F341B201B50009855C7 /* Supporting Files */ = {
			isa = PBXGroup;
			children = (
				D5508C2D1B81A22E00F3F090 /* sick.png */,
				D574A35E1B71EE5A005192B0 /* before-too-late.png */,
				D574A3521B69E8B4005192B0 /* Check_mark.png */,
				D5778F351B201B50009855C7 /* Secretary Part-Info.plist */,
				D5778F361B201B50009855C7 /* InfoPlist.strings */,
				D5778F391B201B51009855C7 /* main.m */,
				D5778F3B1B201B51009855C7 /* Secretary Part-Prefix.pch */,
			);
			name = "Supporting Files";
			sourceTree = "<group>";
		};
		D5778F551B201B51009855C7 /* Secretary PartTests */ = {
			isa = PBXGroup;
			children = (
				D5778F5B1B201B51009855C7 /* Secretary_PartTests.m */,
				D5778F561B201B51009855C7 /* Supporting Files */,
			);
			path = "Secretary PartTests";
			sourceTree = "<group>";
		};
		D5778F561B201B51009855C7 /* Supporting Files */ = {
			isa = PBXGroup;
			children = (
				D5778F571B201B51009855C7 /* Secretary PartTests-Info.plist */,
				D5778F581B201B51009855C7 /* InfoPlist.strings */,
			);
			name = "Supporting Files";
			sourceTree = "<group>";
		};
/* End PBXGroup section */

/* Begin PBXNativeTarget section */
		D5778F291B201B50009855C7 /* Secretary Part */ = {
			isa = PBXNativeTarget;
			buildConfigurationList = D5778F5F1B201B51009855C7 /* Build configuration list for PBXNativeTarget "Secretary Part" */;
			buildPhases = (
				D5778F261B201B50009855C7 /* Sources */,
				D5778F271B201B50009855C7 /* Frameworks */,
				D5778F281B201B50009855C7 /* Resources */,
			);
			buildRules = (
			);
			dependencies = (
			);
			name = "Secretary Part";
			productName = "Secretary Part";
			productReference = D5778F2A1B201B50009855C7 /* Secretary Part.app */;
			productType = "com.apple.product-type.application";
		};
		D5778F4D1B201B51009855C7 /* Secretary PartTests */ = {
			isa = PBXNativeTarget;
			buildConfigurationList = D5778F621B201B51009855C7 /* Build configuration list for PBXNativeTarget "Secretary PartTests" */;
			buildPhases = (
				D5778F4A1B201B51009855C7 /* Sources */,
				D5778F4B1B201B51009855C7 /* Frameworks */,
				D5778F4C1B201B51009855C7 /* Resources */,
			);
			buildRules = (
			);
			dependencies = (
				D5778F541B201B51009855C7 /* PBXTargetDependency */,
			);
			name = "Secretary PartTests";
			productName = "Secretary PartTests";
			productReference = D5778F4E1B201B51009855C7 /* Secretary PartTests.xctest */;
			productType = "com.apple.product-type.bundle.unit-test";
		};
/* End PBXNativeTarget section */

/* Begin PBXProject section */
		D5778F221B201B50009855C7 /* Project object */ = {
			isa = PBXProject;
			attributes = {
				LastUpgradeCheck = 0510;
				ORGANIZATIONNAME = "Dylan Basdeo";
				TargetAttributes = {
					D5778F4D1B201B51009855C7 = {
						TestTargetID = D5778F291B201B50009855C7;
					};
				};
			};
			buildConfigurationList = D5778F251B201B50009855C7 /* Build configuration list for PBXProject "Secretary Part" */;
			compatibilityVersion = "Xcode 3.2";
			developmentRegion = English;
			hasScannedForEncodings = 0;
			knownRegions = (
				en,
				Base,
			);
			mainGroup = D5778F211B201B50009855C7;
			productRefGroup = D5778F2B1B201B50009855C7 /* Products */;
			projectDirPath = "";
			projectRoot = "";
			targets = (
				D5778F291B201B50009855C7 /* Secretary Part */,
				D5778F4D1B201B51009855C7 /* Secretary PartTests */,
			);
		};
/* End PBXProject section */

/* Begin PBXResourcesBuildPhase section */
		D5778F281B201B50009855C7 /* Resources */ = {
			isa = PBXResourcesBuildPhase;
			buildActionMask = 2147483647;
			files = (
				D5778F441B201B51009855C7 /* Main_iPad.storyboard in Resources */,
				D5508C2E1B81A22E00F3F090 /* sick.png in Resources */,
				D574A35F1B71EE5A005192B0 /* before-too-late.png in Resources */,
				D574A3531B69E8B4005192B0 /* Check_mark.png in Resources */,
				D5778F491B201B51009855C7 /* Images.xcassets in Resources */,
				D5778F411B201B51009855C7 /* Main_iPhone.storyboard in Resources */,
				D5778F381B201B50009855C7 /* InfoPlist.strings in Resources */,
			);
			runOnlyForDeploymentPostprocessing = 0;
		};
		D5778F4C1B201B51009855C7 /* Resources */ = {
			isa = PBXResourcesBuildPhase;
			buildActionMask = 2147483647;
			files = (
				D5778F5A1B201B51009855C7 /* InfoPlist.strings in Resources */,
			);
			runOnlyForDeploymentPostprocessing = 0;
		};
/* End PBXResourcesBuildPhase section */

/* Begin PBXSourcesBuildPhase section */
		D5778F261B201B50009855C7 /* Sources */ = {
			isa = PBXSourcesBuildPhase;
			buildActionMask = 2147483647;
			files = (
				D587CB9D1B49EB46000FF661 /* NewMember.m in Sources */,
				D574A3561B69FE05005192B0 /* Member.m in Sources */,
				D574A35D1B70760B005192B0 /* RecordReview.m in Sources */,
				D5778F471B201B51009855C7 /* ViewController.m in Sources */,
				D5778F3E1B201B51009855C7 /* AppDelegate.m in Sources */,
				D5778F3A1B201B51009855C7 /* main.m in Sources */,
				D574A3621B71F29B005192B0 /* MemberProfile.m in Sources */,
				D5778F671B256C36009855C7 /* AttendanceRecord.m in Sources */,
				D5274C7F1B771F4300D7DFDA /* CreateCSV.m in Sources */,
				D574A3591B7058B7005192B0 /* AttendanceObject.m in Sources */,
			);
			runOnlyForDeploymentPostprocessing = 0;
		};
		D5778F4A1B201B51009855C7 /* Sources */ = {
			isa = PBXSourcesBuildPhase;
			buildActionMask = 2147483647;
			files = (
				D5778F5C1B201B51009855C7 /* Secretary_PartTests.m in Sources */,
			);
			runOnlyForDeploymentPostprocessing = 0;
		};
/* End PBXSourcesBuildPhase section */

/* Begin PBXTargetDependency section */
		D5778F541B201B51009855C7 /* PBXTargetDependency */ = {
			isa = PBXTargetDependency;
			target = D5778F291B201B50009855C7 /* Secretary Part */;
			targetProxy = D5778F531B201B51009855C7 /* PBXContainerItemProxy */;
		};
/* End PBXTargetDependency section */

/* Begin PBXVariantGroup section */
		D5778F361B201B50009855C7 /* InfoPlist.strings */ = {
			isa = PBXVariantGroup;
			children = (
				D5778F371B201B50009855C7 /* en */,
			);
			name = InfoPlist.strings;
			sourceTree = "<group>";
		};
		D5778F3F1B201B51009855C7 /* Main_iPhone.storyboard */ = {
			isa = PBXVariantGroup;
			children = (
				D5778F401B201B51009855C7 /* Base */,
			);
			name = Main_iPhone.storyboard;
			sourceTree = "<group>";
		};
		D5778F421B201B51009855C7 /* Main_iPad.storyboard */ = {
			isa = PBXVariantGroup;
			children = (
				D5778F431B201B51009855C7 /* Base */,
			);
			name = Main_iPad.storyboard;
			sourceTree = "<group>";
		};
		D5778F581B201B51009855C7 /* InfoPlist.strings */ = {
			isa = PBXVariantGroup;
			children = (
				D5778F591B201B51009855C7 /* en */,
			);
			name = InfoPlist.strings;
			sourceTree = "<group>";
		};
/* End PBXVariantGroup section */

/* Begin XCBuildConfiguration section */
		D5778F5D1B201B51009855C7 /* Debug */ = {
			isa = XCBuildConfiguration;
			buildSettings = {
				ALWAYS_SEARCH_USER_PATHS = NO;
				CLANG_CXX_LANGUAGE_STANDARD = "gnu++0x";
				CLANG_CXX_LIBRARY = "libc++";
				CLANG_ENABLE_MODULES = YES;
				CLANG_ENABLE_OBJC_ARC = YES;
				CLANG_WARN_BOOL_CONVERSION = YES;
				CLANG_WARN_CONSTANT_CONVERSION = YES;
				CLANG_WARN_DIRECT_OBJC_ISA_USAGE = YES_ERROR;
				CLANG_WARN_EMPTY_BODY = YES;
				CLANG_WARN_ENUM_CONVERSION = YES;
				CLANG_WARN_INT_CONVERSION = YES;
				CLANG_WARN_OBJC_ROOT_CLASS = YES_ERROR;
				CLANG_WARN__DUPLICATE_METHOD_MATCH = YES;
				"CODE_SIGN_IDENTITY[sdk=iphoneos*]" = "iPhone Developer";
				COPY_PHASE_STRIP = NO;
				GCC_C_LANGUAGE_STANDARD = gnu99;
				GCC_DYNAMIC_NO_PIC = NO;
				GCC_OPTIMIZATION_LEVEL = 0;
				GCC_PREPROCESSOR_DEFINITIONS = (
					"DEBUG=1",
					"$(inherited)",
				);
				GCC_SYMBOLS_PRIVATE_EXTERN = NO;
				GCC_WARN_64_TO_32_BIT_CONVERSION = YES;
				GCC_WARN_ABOUT_RETURN_TYPE = YES_ERROR;
				GCC_WARN_UNDECLARED_SELECTOR = YES;
				GCC_WARN_UNINITIALIZED_AUTOS = YES_AGGRESSIVE;
				GCC_WARN_UNUSED_FUNCTION = YES;
				GCC_WARN_UNUSED_VARIABLE = YES;
				IPHONEOS_DEPLOYMENT_TARGET = 7.1;
				ONLY_ACTIVE_ARCH = YES;
				SDKROOT = iphoneos;
				TARGETED_DEVICE_FAMILY = "1,2";
			};
			name = Debug;
		};
		D5778F5E1B201B51009855C7 /* Release */ = {
			isa = XCBuildConfiguration;
			buildSettings = {
				ALWAYS_SEARCH_USER_PATHS = NO;
				CLANG_CXX_LANGUAGE_STANDARD = "gnu++0x";
				CLANG_CXX_LIBRARY = "libc++";
				CLANG_ENABLE_MODULES = YES;
				CLANG_ENABLE_OBJC_ARC = YES;
				CLANG_WARN_BOOL_CONVERSION = YES;
				CLANG_WARN_CONSTANT_CONVERSION = YES;
				CLANG_WARN_DIRECT_OBJC_ISA_USAGE = YES_ERROR;
				CLANG_WARN_EMPTY_BODY = YES;
				CLANG_WARN_ENUM_CONVERSION = YES;
				CLANG_WARN_INT_CONVERSION = YES;
				CLANG_WARN_OBJC_ROOT_CLASS = YES_ERROR;
				CLANG_WARN__DUPLICATE_METHOD_MATCH = YES;
				"CODE_SIGN_IDENTITY[sdk=iphoneos*]" = "iPhone Developer";
				COPY_PHASE_STRIP = YES;
				ENABLE_NS_ASSERTIONS = NO;
				GCC_C_LANGUAGE_STANDARD = gnu99;
				GCC_WARN_64_TO_32_BIT_CONVERSION = YES;
				GCC_WARN_ABOUT_RETURN_TYPE = YES_ERROR;
				GCC_WARN_UNDECLARED_SELECTOR = YES;
				GCC_WARN_UNINITIALIZED_AUTOS = YES_AGGRESSIVE;
				GCC_WARN_UNUSED_FUNCTION = YES;
				GCC_WARN_UNUSED_VARIABLE = YES;
				IPHONEOS_DEPLOYMENT_TARGET = 7.1;
				SDKROOT = iphoneos;
				TARGETED_DEVICE_FAMILY = "1,2";
				VALIDATE_PRODUCT = YES;
			};
			name = Release;
		};
		D5778F601B201B51009855C7 /* Debug */ = {
			isa = XCBuildConfiguration;
			buildSettings = {
				ASSETCATALOG_COMPILER_APPICON_NAME = AppIcon;
				ASSETCATALOG_COMPILER_LAUNCHIMAGE_NAME = LaunchImage;
				GCC_PRECOMPILE_PREFIX_HEADER = YES;
				GCC_PREFIX_HEADER = "Secretary Part/Secretary Part-Prefix.pch";
				INFOPLIST_FILE = "Secretary Part/Secretary Part-Info.plist";
				PRODUCT_NAME = "$(TARGET_NAME)";
				WRAPPER_EXTENSION = app;
			};
			name = Debug;
		};
		D5778F611B201B51009855C7 /* Release */ = {
			isa = XCBuildConfiguration;
			buildSettings = {
				ASSETCATALOG_COMPILER_APPICON_NAME = AppIcon;
				ASSETCATALOG_COMPILER_LAUNCHIMAGE_NAME = LaunchImage;
				GCC_PRECOMPILE_PREFIX_HEADER = YES;
				GCC_PREFIX_HEADER = "Secretary Part/Secretary Part-Prefix.pch";
				INFOPLIST_FILE = "Secretary Part/Secretary Part-Info.plist";
				PRODUCT_NAME = "$(TARGET_NAME)";
				WRAPPER_EXTENSION = app;
			};
			name = Release;
		};
		D5778F631B201B51009855C7 /* Debug */ = {
			isa = XCBuildConfiguration;
			buildSettings = {
				BUNDLE_LOADER = "$(BUILT_PRODUCTS_DIR)/Secretary Part.app/Secretary Part";
				FRAMEWORK_SEARCH_PATHS = (
					"$(SDKROOT)/Developer/Library/Frameworks",
					"$(inherited)",
					"$(DEVELOPER_FRAMEWORKS_DIR)",
				);
				GCC_PRECOMPILE_PREFIX_HEADER = YES;
				GCC_PREFIX_HEADER = "Secretary Part/Secretary Part-Prefix.pch";
				GCC_PREPROCESSOR_DEFINITIONS = (
					"DEBUG=1",
					"$(inherited)",
				);
				INFOPLIST_FILE = "Secretary PartTests/Secretary PartTests-Info.plist";
				PRODUCT_NAME = "$(TARGET_NAME)";
				TEST_HOST = "$(BUNDLE_LOADER)";
				WRAPPER_EXTENSION = xctest;
			};
			name = Debug;
		};
		D5778F641B201B51009855C7 /* Release */ = {
			isa = XCBuildConfiguration;
			buildSettings = {
				BUNDLE_LOADER = "$(BUILT_PRODUCTS_DIR)/Secretary Part.app/Secretary Part";
				FRAMEWORK_SEARCH_PATHS = (
					"$(SDKROOT)/Developer/Library/Frameworks",
					"$(inherited)",
					"$(DEVELOPER_FRAMEWORKS_DIR)",
				);
				GCC_PRECOMPILE_PREFIX_HEADER = YES;
				GCC_PREFIX_HEADER = "Secretary Part/Secretary Part-Prefix.pch";
				INFOPLIST_FILE = "Secretary PartTests/Secretary PartTests-Info.plist";
				PRODUCT_NAME = "$(TARGET_NAME)";
				TEST_HOST = "$(BUNDLE_LOADER)";
				WRAPPER_EXTENSION = xctest;
			};
			name = Release;
		};
/* End XCBuildConfiguration section */

/* Begin XCConfigurationList section */
		D5778F251B201B50009855C7 /* Build configuration list for PBXProject "Secretary Part" */ = {
			isa = XCConfigurationList;
			buildConfigurations = (
				D5778F5D1B201B51009855C7 /* Debug */,
				D5778F5E1B201B51009855C7 /* Release */,
			);
			defaultConfigurationIsVisible = 0;
			defaultConfigurationName = Release;
		};
		D5778F5F1B201B51009855C7 /* Build configuration list for PBXNativeTarget "Secretary Part" */ = {
			isa = XCConfigurationList;
			buildConfigurations = (
				D5778F601B201B51009855C7 /* Debug */,
				D5778F611B201B51009855C7 /* Release */,
			);
			defaultConfigurationIsVisible = 0;
			defaultConfigurationName = Release;
		};
		D5778F621B201B51009855C7 /* Build configuration list for PBXNativeTarget "Secretary PartTests" */ = {
			isa = XCConfigurationList;
			buildConfigurations = (
				D5778F631B201B51009855C7 /* Debug */,
				D5778F641B201B51009855C7 /* Release */,
			);
			defaultConfigurationIsVisible = 0;
			defaultConfigurationName = Release;
		};
/* End XCConfigurationList section */
	};
	rootObject = D5778F221B201B50009855C7 /* Project object */;
}
